
Microsoft Visual Studio Solution File, Format Version 12.00
# Visual Studio Version 16
VisualStudioVersion = 16.0.31624.102
MinimumVisualStudioVersion = 10.0.40219.1
Project("{FAE04EC0-301F-11D3-BF4B-00C04F79EFBC}") = "TransferDatain2FormBest", "TransferDatain2FormBest\TransferDatain2FormBest.csproj", "{4EFEF953-F772-4F55-80F4-66B6387D350C}"
EndProject
Global
	GlobalSection(SolutionConfigurationPlatforms) = preSolution
		Debug|Any CPU = Debug|Any CPU
		Release|Any CPU = Release|Any CPU
	EndGlobalSection
	GlobalSection(ProjectConfigurationPlatforms) = postSolution
		{4EFEF953-F772-4F55-80F4-66B6387D350C}.Debug|Any CPU.ActiveCfg = Debug|Any CPU
		{4EFEF953-F772-4F55-80F4-66B6387D350C}.Debug|Any CPU.Build.0 = Debug|Any CPU
		{4EFEF953-F772-4F55-80F4-66B6387D350C}.Release|Any CPU.ActiveCfg = Release|Any CPU
		{4EFEF953-F772-4F55-80F4-66B6387D350C}.Release|Any CPU.Build.0 = Release|Any CPU
	EndGlobalSection
	GlobalSection(SolutionProperties) = preSolution
		HideSolutionNode = FALSE
	EndGlobalSection
	GlobalSection(ExtensibilityGlobals) = postSolution
		SolutionGuid = {309EE8A0-F1FE-4C39-8119-49B79ABC545D}
	EndGlobalSection
EndGlobal
